
Microsoft Visual Studio Solution File, Format Version 12.00
# Visual Studio Version 17
VisualStudioVersion = 17.1.32414.318
MinimumVisualStudioVersion = 10.0.40219.1
Project("{FAE04EC0-301F-11D3-BF4B-00C04F79EFBC}") = "SearchEngine", "SearchEngine\SearchEngine.csproj", "{7F287AD5-8737-42DF-ABD3-0CBE9AFA2D37}"
EndProject
Project("{FAE04EC0-301F-11D3-BF4B-00C04F79EFBC}") = "SearchWeb", "SearchWeb\SearchWeb.csproj", "{C6E270C5-9AFA-4100-99C9-BED888308384}"
EndProject
Global
	GlobalSection(SolutionConfigurationPlatforms) = preSolution
		Debug|Any CPU = Debug|Any CPU
		Release|Any CPU = Release|Any CPU
	EndGlobalSection
	GlobalSection(ProjectConfigurationPlatforms) = postSolution
		{7F287AD5-8737-42DF-ABD3-0CBE9AFA2D37}.Debug|Any CPU.ActiveCfg = Debug|Any CPU
		{7F287AD5-8737-42DF-ABD3-0CBE9AFA2D37}.Debug|Any CPU.Build.0 = Debug|Any CPU
		{7F287AD5-8737-42DF-ABD3-0CBE9AFA2D37}.Release|Any CPU.ActiveCfg = Release|Any CPU
		{7F287AD5-8737-42DF-ABD3-0CBE9AFA2D37}.Release|Any CPU.Build.0 = Release|Any CPU
		{C6E270C5-9AFA-4100-99C9-BED888308384}.Debug|Any CPU.ActiveCfg = Debug|Any CPU
		{C6E270C5-9AFA-4100-99C9-BED888308384}.Debug|Any CPU.Build.0 = Debug|Any CPU
		{C6E270C5-9AFA-4100-99C9-BED888308384}.Release|Any CPU.ActiveCfg = Release|Any CPU
		{C6E270C5-9AFA-4100-99C9-BED888308384}.Release|Any CPU.Build.0 = Release|Any CPU
	EndGlobalSection
	GlobalSection(SolutionProperties) = preSolution
		HideSolutionNode = FALSE
	EndGlobalSection
	GlobalSection(ExtensibilityGlobals) = postSolution
		SolutionGuid = {31CEEE8B-FF32-4068-9170-782E0506F42A}
	EndGlobalSection
EndGlobal
